Package: adduser
Architecture: all
Version: 3.113+nmu3ubuntu4
Replaces: manpages-it (<< 0.3.4-2), manpages-pl (<= 20051117-1)
Depends: perl-base (>= 5.6.0), passwd (>= 1:4.1.5.1-1.1ubuntu6), debconf | debconf-2.0
Filename: pool/main/a/adduser/adduser_3.113+nmu3ubuntu4_all.deb
MD5sum: 36f79d952ced9bde3359b63cf9cf44fb
SHA1: 6a5b8f58e33d5c9a25f79c6da80a64bf104e6268
SHA256: ca6c86cb229082cc22874ed320eac8d128cc91f086fe5687946e7d05758516a3
Multi-Arch: foreign

Package: base-files
Architecture: amd64
Version: 9.4ubuntu4.13
Replaces: base, dpkg (<= 1.15.0), miscutils
Provides: base
Pre-Depends: awk
Breaks: initscripts (<< 2.88dsf-13.3), sendfile (<< 2.1b.20080616-5.2~), ubuntu-server (<< 1.361.5)
Filename: pool/main/b/base-files/base-files_9.4ubuntu4.13_amd64.deb
MD5sum: b0a6a74f9da4c0307e95e189b9a7fa5a
SHA1: 82663980003bcea27b4e9296aeba1484cd8edac7
SHA256: 966bb9997f79550dc5c839a96fc371f0cebddee712597a53dfbdbf6706c0b88c
SHA512: 73ef904f10615c9ba2bdef034467b86dc87299268827765c3fdd48667cfa4bcd7fe7989fce425e35a7b0579102b7c4445ed91611b50c76ad61726be197ab67fb
Multi-Arch: foreign

Package: base-passwd
Architecture: amd64
Version: 3.5.39
Replaces: base
Depends: libc6 (>= 2.8), libdebconfclient0 (>= 0.145)
Filename: pool/main/b/base-passwd/base-passwd_3.5.39_amd64.deb
MD5sum: ae5a08c3fc5e711bab0b6689cdb02cc2
SHA1: 162bc2b7bd85f287d2bbaa9cdab8cbdc5cfe6c12
SHA256: fcc13a5bc7476a3a458b9ff989838e04cd4405259d313669707b245322b45788
Multi-Arch: foreign

Package: bash
Architecture: amd64
Version: 4.3-14ubuntu1.4
Replaces: bash-completion (<< 20060301-0), bash-doc (<= 2.05-1)
Depends: base-files (>= 2.1.12), debianutils (>= 2.15)
Pre-Depends: dash (>= 0.5.5.1-2.2), libc6 (>= 2.15), libtinfo5 (>= 6)
Conflicts: bash-completion (<< 20060301-0)
Filename: pool/main/b/bash/bash_4.3-14ubuntu1.4_amd64.deb
MD5sum: 732883a110a54b7ce5031f6ed7d428de
SHA1: 307876fdbb317bf2dcd5b5dcf1d728722c75df5e
SHA256: 6363ce9c44ab17388257754c41f2bd0d23f6419838b7ed7766b135f8ecbbf48b
SHA512: 6818ffe1a67be33997d1a237822c3d3f21d6d59747e9d92eef110416a4e5bf368881e6e8be2cd086e4b017ae7c4e7e354ee27fa3ee2f3f7243fccc456c821632
Multi-Arch: foreign

Package: bsdutils
Architecture: amd64
Version: 1:2.27.1-6ubuntu3.10
Replaces: bash-completion (<< 1:2.1-4.1~)
Pre-Depends: libc6 (>= 2.16), libsystemd0
Breaks: bash-completion (<< 1:2.1-4.1~)
Filename: pool/main/u/util-linux/bsdutils_2.27.1-6ubuntu3.10_amd64.deb
MD5sum: 2337f46a0a2a4c666583eb1e8adb629d
SHA1: b882c4ec4ab9f70d0ff82e94f065e9311c904eda
SHA256: 3334096c1367f2b78da559e6d2c983a9d2f5061b837d3f9ce0058a54b2df1149
SHA512: 29db8bfa52d2449f44558013c88d60d44414085d115a386434de6b1cabe6670948789db2454301d5a853e258b968f06236b0e7008767cc8f547acc4a9e37a7fa
Multi-Arch: foreign

Package: coreutils
Architecture: amd64
Version: 8.25-2ubuntu3~16.04
Replaces: mktemp, realpath, timeout
Pre-Depends: libacl1 (>= 2.2.51-8), libattr1 (>= 1:2.4.46-8), libc6 (>= 2.17), libselinux1 (>= 2.1.13)
Conflicts: timeout
Filename: pool/main/c/coreutils/coreutils_8.25-2ubuntu3~16.04_amd64.deb
MD5sum: e9b0e774d272e4468f4606f379dde88a
SHA1: cb735c4d8734c2fded42c7a9ec14bcd5eaa2f73a
SHA256: 056b90da514d6ef207199d9c446201f9214ce5af0a2cc8db2d617587250980c9
SHA512: 40426a994f25df55e9aca9bd09f00ba1933e83f5081518a52f62788f84c240fb062719554928d5e3722c41e2ada40a06863786879ce2e228bc5c287f8abafc09
Multi-Arch: foreign

Package: dash
Architecture: amd64
Version: 0.5.8-2.1ubuntu2
Depends: debianutils (>= 2.15), dpkg (>= 1.15.0)
Pre-Depends: libc6 (>= 2.14)
Filename: pool/main/d/dash/dash_0.5.8-2.1ubuntu2_amd64.deb
MD5sum: ab5d5cffd458264a823168df73a9cf25
SHA1: 0db9abe56aefd5f92a25994c4cc33ce5b1424c84
SHA256: c46b4b8c9c952bfeab03993451f7c3c7f5d359ebfbf381e6c36e2870373cde85

Package: debconf
Architecture: all
Version: 1.5.58ubuntu2
Replaces: debconf-tiny
Provides: debconf-2.0
Pre-Depends: perl-base (>= 5.6.1-4)
Conflicts: apt (<< 0.3.12.1), cdebconf (<< 0.96), debconf-tiny, debconf-utils (<< 1.3.22), dialog (<< 0.9b-20020814-1), menu (<= 2.1.3-1), whiptail (<< 0.51.4-11), whiptail-utf8 (<= 0.50.17-13)
Filename: pool/main/d/debconf/debconf_1.5.58ubuntu2_all.deb
MD5sum: 61f10de6aaf8c3465a18babc7ccd7266
SHA1: 317d621d97899fc7eadc22d237074f91fd847cf4
SHA256: 29302bef7aba8076993f75baaded85001b0f9c7586e2357af837b50494f3e606
SHA512: c7a558d733186fc2f8a3331d44b2488ce9650a3307d4b75418f8c357395391f9035fc3da1ff07ff7827a21743d017ec321751b5fbf381200b8855e04b16da801
Multi-Arch: foreign

Package: debianutils
Architecture: amd64
Version: 4.7
Replaces: manpages-pl (<< 1:0.5)
Depends: sensible-utils
Pre-Depends: libc6 (>= 2.15)
Filename: pool/main/d/debianutils/debianutils_4.7_amd64.deb
MD5sum: 3e6edbae0f11150b1cf061234c972c04
SHA1: def7253373af1617bc3f08e56007d63db5e18fbb
SHA256: 827d56710cd5259395d9e5c30a5e0fddd831172a76b7f9c4847fc5461c79154f
Multi-Arch: foreign

Package: diffutils
Architecture: amd64
Version: 1:3.3-3
Replaces: diff
Pre-Depends: libc6 (>= 2.17)
Filename: pool/main/d/diffutils/diffutils_3.3-3_amd64.deb
MD5sum: c4444a31300ce0d1bbd4a3ef50316d54
SHA1: 707084d876a277ab7a60e7e0eb3eb9d840ee173a
SHA256: 516031eed9f074d1307743321abe5e5be726f43e180c71f761927cd2ed8d8a5b

Package: dpkg
Architecture: amd64
Version: 1.18.4ubuntu1.6
Replaces: manpages-it (<< 2.80-4)
Pre-Depends: libbz2-1.0, libc6 (>= 2.14), liblzma5 (>= 5.1.1alpha+20120614), libselinux1 (>= 2.3), zlib1g (>= 1:1.1.4), tar (>= 1.23)
Conflicts: ada-reference-manual (<< 20021112web-4~), asn1-mode (<< 2.7-7~), bogosort (<< 0.4.2-3~), cl-yacc (<< 0.3-3~), cpp-4.1-doc (<< 4.1.2.nf2-4~), cpp-4.2-doc (<< 4.2.4.nf1-4~), gcc-4.1-doc (<< 4.1.2.nf2-4~), gcc-4.2-doc (<< 4.2.4.nf1-4~), gcj-4.1-doc (<< 4.1.2.nf2-4~), gcj-4.2-doc (<< 4.2.4.nf1-4~), gfortran-4.1-doc (<< 4.1.2.nf2-4~), gfortran-4.2-doc (<< 4.2.4.nf1-4~), ggz-docs (<< 0.0.14.1-2~), glame (<< 2.0.1-6~), gnat-4.1-doc (<< 4.1.2.nf2-4~), gnat-4.2-doc (<< 4.2.4.nf1-4~), gtalk (<< 0.99.10-16~), libalogg-dev (<< 1.3.7-2~), libgtk1.2-doc (<< 1.2.10-19~), libnettle-dev (<< 2~), liborbit-dev (<< 0.5.17-12~), libreadline5-dev (<< 5.2-8~), librep-doc (<< 0.90~), mmucl (<< 1.5.2-3~), nxml-mode (<< 20041004-9~), octave3.0-info (<< 1:3.0.5-7+rm), octave3.2-info (<< 3.2.4-12+rm), polgen-doc (<< 1.3-3+rm), r6rs-doc (<< 1.0-2~), serveez-doc (<< 0.1.5-3~), slat (<< 2.0-6~), texlive-base-bin-doc (<< 2007.dfsg.2-9~), ttcn-el (<< 0.6.9-2~), ulog-acctd (<< 0.4.3-3~), xconq-doc (<< 7.4.1-5~), zenirc (<< 2.112.dfsg-1~)
Breaks: apt (<< 0.7.7~), apt-cudf (<< 3.3~beta1-3~), aptitude (<< 0.4.7-1~), auctex (<< 11.87-3+deb8u1~), ccache (<< 3.1.10-1~), cups (<< 1.7.5-10~), dbus (<< 1.8.12-1ubuntu6~), debian-security-support (<< 2014.10.26~), distcc (<< 3.1-6.1~), doc-base (<< 0.10.5~), dpkg-dev (<< 1.15.8), fontconfig (<< 2.11.1-0ubuntu5~), fusionforge-plugin-mediawiki (<< 5.3.2+20141104-3~), gap-core (<< 4r7p5-2~), gitweb (<< 1:2.1.4-2.1~), grace (<< 1:5.1.24-3~), gxine (<< 0.5.908-3.1~), hoogle (<< 4.2.33-4~), icecc (<< 1.0.1-2~), install-info (<< 5.1.dfsg.1-3~), libapache2-mod-php5 (<< 5.6.4+dfsg-3~), libapache2-mod-php5filter (<< 5.6.4+dfsg-3~), libdpkg-perl (<< 1.15.8), libjs-protoaculous (<< 5~), man-db (<< 2.6.3-6~), mcollective (<< 2.6.0+dfsg-2.1~), php5-fpm (<< 5.6.4+dfsg-3~), pypy (<< 2.4.0+dfsg-3~), readahead-fedora (<< 2:1.5.6-5.2~), software-center (<< 13.10-0ubuntu9~), ufw (<< 0.35-0ubuntu2~), ureadahead (<< 0.100.0-17~), wordpress (<< 4.1+dfsg-1~), xfonts-traditional (<< 1.7~), xine-ui (<< 0.99.9-1.2~)
Filename: pool/main/d/dpkg/dpkg_1.18.4ubuntu1.6_amd64.deb
MD5sum: 22fe9e456e052b4a40104e6f5babb8c2
SHA1: 204abe27ba385d46cbeb79a0c9cccba7ad0871f1
SHA256: 64e1864e2ed3f201c65564f733e9659608a84da563f9694ee85493c7181c5096
SHA512: cae21fa10f48b915bd89b43164f1df9cbf453f63f6b5c2558eee8a3e0dbfa1c5128ab47bd0deae734239590181945c13a2e8eb85204a7472707d50003839fc22
Multi-Arch: foreign

Package: e2fslibs
Architecture: amd64
Version: 1.42.13-1ubuntu1.2
Replaces: e2fsprogs (<< 1.34-1)
Provides: libe2p2, libext2fs2
Depends: libc6 (>= 2.17)
Filename: pool/main/e/e2fsprogs/e2fslibs_1.42.13-1ubuntu1.2_amd64.deb
MD5sum: 1f121dc7889aa0abc291a55b167aac6f
SHA1: 46f6146725f71f05b53d1ac08be6010fe8fe9e46
SHA256: 5093e67f6c979813353afb2cbf1b5536f172d371d709a6510655bebbb63405d2
SHA512: c8b27e7c4bd29d86738aaf930d36a6bf84e4719fcf234514f178076b8ed70121eab6d192985279e5c35b33d231a5bc438abe397e5ce18a75d436c79aac84d1bd
Multi-Arch: same

Package: e2fsprogs
Architecture: amd64
Version: 1.42.13-1ubuntu1.2
Replaces: hurd (<= 20040301-1), libblkid1 (<< 1.38+1.39-WIP-2005.12.10-2), libuuid1 (<< 1.38+1.39-WIP-2005.12.10-2)
Pre-Depends: e2fslibs (= 1.42.13-1ubuntu1.2), libblkid1 (>= 2.17.2), libc6 (>= 2.14), libcomerr2 (>= 1.42~WIP-2011-10-05-1), libss2 (>= 1.34-1), libuuid1 (>= 2.16), util-linux (>= 2.15~rc1-1)
Conflicts: dump (<< 0.4b4-4), initscripts (<< 2.85-4), quota (<< 1.55-8.1), sysvinit (<< 2.85-4)
Filename: pool/main/e/e2fsprogs/e2fsprogs_1.42.13-1ubuntu1.2_amd64.deb
MD5sum: 3dc11d261efe3c140d8b6b309354c9d0
SHA1: ac213caecc807a506376ce5198958a888e0d2360
SHA256: 71f3a255e8e4a932f471c416ae87cdc6325cc52aad1f7832378978262bcc7f9e
SHA512: b9d811d14d48a75d589b0508c151f6a2032717f3c46799f594377638200382146f49acae88e329910d1d124d1e51e0bf88cc1b8cda50e2a98d6498683b0d44c5
Multi-Arch: foreign

Package: findutils
Architecture: amd64
Version: 4.6.0+git+20160126-2
Pre-Depends: libc6 (>= 2.17), libselinux1 (>= 1.32)
Conflicts: debconf (<< 1.5.50)
Breaks: binstats (<< 1.08-8.1), debhelper (<< 9.20130504), guilt (<< 0.36-0.2), kernel-package (<< 13.000), libpython3.4-minimal (<< 3.4.4-2), libpython3.5-minimal (<< 3.5.1-3), lsat (<< 0.9.7.1-2.1), mc (<< 3:4.8.11-1), sendmail (<< 8.14.4-5), switchconf (<< 0.0.9-2.1)
Filename: pool/main/f/findutils/findutils_4.6.0+git+20160126-2_amd64.deb
MD5sum: 1831065c484b6413ba65b08bc427d9cc
SHA1: a94bc6acde7319023a23426c9b376cd88e901678
SHA256: c7de902635759c740db8b74aa102a04373c0c2c2a86d3636eab7e27af1f45ac6
Multi-Arch: foreign

Package: gcc-6-base
Architecture: amd64
Version: 6.0.1-0ubuntu1
Breaks: gcc-4.4-base (<< 4.4.7), gcc-4.7-base (<< 4.7.3), gcj-4.4-base (<< 4.4.6-9~), gcj-4.6-base (<< 4.6.1-4~), gnat-4.4-base (<< 4.4.6-3~), gnat-4.6 (<< 4.6.1-5~)
Filename: pool/main/g/gccgo-6/gcc-6-base_6.0.1-0ubuntu1_amd64.deb
MD5sum: 0e19f9a506207825f1b7bc20764e3d81
SHA1: e2e0e09bb59b6846700064bdaeb9c14d90744e84
SHA256: 450f0d5f2a2e7932e21c7abe66c494a8cbb5364680160b10a488f65ee4b0bd03
Multi-Arch: same

Package: grep
Architecture: amd64
Version: 2.25-1~16.04.1
Provides: rgrep
Depends: dpkg (>= 1.15.4) | install-info
Pre-Depends: libc6 (>= 2.14), libpcre3
Conflicts: rgrep
Filename: pool/main/g/grep/grep_2.25-1~16.04.1_amd64.deb
MD5sum: 14734973565c150a1a4bf58803399055
SHA1: 1ff43c906bc69ff5cb3fb1c27f46d17d7366ac9b
SHA256: b29bf212703582c2e6c49448577483bbb45845b06ed0f41c44d8041017ac03d0
SHA512: 6d644b0f93100b8c555f6e30de7d7531e704ffd37b4b955430b16d1b1dea0e6600647f293ca2640df00fc947e789fc8f77eced45a3923a08bd9beca0df0901ed
Multi-Arch: foreign

Package: gzip
Architecture: amd64
Version: 1.6-4ubuntu1
Depends: dpkg (>= 1.15.4) | install-info
Pre-Depends: libc6 (>= 2.17)
Filename: pool/main/g/gzip/gzip_1.6-4ubuntu1_amd64.deb
MD5sum: f2a74190b327fe4c08a5f4aa6cda619a
SHA1: dbea19e85c973fb71473265407b11a7d2c3138a9
SHA256: 602ccc16cef9dfca72f5ff310e7364781bef338fb83e5ab7546ae66d5d0c2a37

Package: hostname
Architecture: amd64
Version: 3.16ubuntu2
Replaces: nis (<< 3.17-30)
Pre-Depends: libc6 (>= 2.4), lsb-base (>= 4.1+Debian11ubuntu7)
Breaks: nis (<< 3.17-30)
Filename: pool/main/h/hostname/hostname_3.16ubuntu2_amd64.deb
MD5sum: 2665061ae6994785781cdd97bdc39082
SHA1: 5a63028ef09fc0e8056fbdac7b6d2f1f47f327ef
SHA256: 78ffb1d52ec35aafb91eefa09ddd4b66a264c114697b71ddb4867bc86dfe39c3

Package: init
Architecture: amd64
Version: 1.29ubuntu4
Depends: init-system-helpers
Pre-Depends: systemd-sysv | upstart-sysv
Filename: pool/main/i/init-system-helpers/init_1.29ubuntu4_amd64.deb
MD5sum: 8d3d89c4cf7ae5be6a091614c0e3344b
SHA1: 55544ecb21214f9c490f5a11d45594296fdb498d
SHA256: 806b173a1a78040f406ce84b13dbd9edcb0ac5d08f58ad10e104685ed2c18b19
SHA512: 569a6bf1b89f7f4bc03898a45fa428e6d0e968b3eeae75ec4c956596192f8642db2744a4510417fa933782dabb97d1eedcf91478dcbd8ebc975fb51f940c5d2b
Multi-Arch: foreign

Package: init-system-helpers
Architecture: all
Version: 1.29ubuntu4
Replaces: sysv-rc (<< 2.88dsf-59.3~), sysvinit-utils (<< 2.88dsf-59.3)
Depends: perl-base (>= 5.20.1-3)
Conflicts: file-rc (<< 0.8.17~), openrc (<= 0.18.3-1)
Breaks: systemd (<< 44-12), sysvinit-utils (<< 2.88dsf-59.3~)
Filename: pool/main/i/init-system-helpers/init-system-helpers_1.29ubuntu4_all.deb
MD5sum: e2e41ef69b3b9758bdbd801634d4ed0c
SHA1: 3733903966e354bdd0fba7b0da5108487500f208
SHA256: e7d3fd50644ce39aa67ca512d03e2b14e070deac1bca5be52b689cb95e613305
SHA512: 0039d264e2664a3992d4c27ed463dbe0ae65bc0eb277ebb485a53c2f6629a3181163c508ded63b564003a7a5318d13c61f9e4859743d56875ec98aca857098b5
Multi-Arch: foreign

Package: initscripts
Architecture: amd64
Version: 2.88dsf-59.3ubuntu2
Replaces: libc0.1, libc0.3, libc6, libc6.1
Depends: mount (>= 2.11x-1), debianutils (>= 4), lsb-base (>= 3.2-14), sysvinit-utils (>= 2.88dsf-50), sysv-rc | file-rc, coreutils (>= 5.93)
Conflicts: libdevmapper1.02.1 (<< 2:1.02.24-1)
Breaks: aide (<< 0.15.1-5), atm-tools (<< 1:2.5.1-1.3), autofs (<< 5.0.0), bootchart (<< 0.10~svn407-4), console-common (<< 0.7.86), console-setup (<< 1.74), cruft (<< 0.9.16), eepc-acpi-scripts (<< 1.1.12), fcheck (<< 2.7.59-16), hostapd (<< 1:0.7.3-3), hurd (<< 0.5.git20131101~), ifupdown (<< 0.7.46), libpam-mount (<< 2.13-1), live-build (<< 3.0~a26-1), ltsp-client-core (<< 5.2.16-1), mdadm (<< 3.2.2-1), nbd-client (<< 1:2.9.23-1), nfs-common (<< 1:1.2.5-3), portmap (<< 6.0.0-2), readahead-fedora (<< 2:1.5.6-3), resolvconf (<< 1.49), rpcbind (<< 0.2.0-7), rsyslog (<< 5.8.2-2), selinux-policy-default (<= 2:0.2.20100524-9), splashy (<< 0.3.13-5.1+b1), sysklogd (<< 1.5-6.2), systemd (<< 228-5ubuntu3), util-linux (<< 2.26.2-4~), wpasupplicant (<< 0.7.3-4), xymon (<< 4.3.0~beta2.dfsg-9)
Filename: pool/main/s/sysvinit/initscripts_2.88dsf-59.3ubuntu2_amd64.deb
MD5sum: 74b2006c75a68ebd1b54024d1499a4c1
SHA1: cf96ad2fcf7bad872c77f22853b48d83f16a33d9
SHA256: 3694172f6c989fccfebe073630c3e24e0a803d4490ad1e122b84301e5985c0cc
Multi-Arch: foreign

Package: insserv
Architecture: amd64
Version: 1.14.0-5ubuntu3
Depends: libc6 (>= 2.14)
Breaks: sysv-rc (<< 2.87dsf-3)
Filename: pool/main/i/insserv/insserv_1.14.0-5ubuntu3_amd64.deb
MD5sum: a1d516b4884a60a82501b3135d0bbc8a
SHA1: e907f0e9290da763be3dd8b13849f4925fdc9915
SHA256: 858b6e39f00226f83447d0c9a73607072a70987a2fb0ce004a5908e9c12660f0

Package: libacl1
Architecture: amd64
Version: 2.2.52-3
Depends: libattr1 (>= 1:2.4.46-8), libc6 (>= 2.14)
Conflicts: acl (<< 2.0.0), libacl1-kerberos4kth
Filename: pool/main/a/acl/libacl1_2.2.52-3_amd64.deb
MD5sum: be8e11292b60577362493d9c4d0ff251
SHA1: 851f6817bbbae40c9a8f41ca3dc3e8d365f66ea5
SHA256: a6f4378176071b6d9f2b6f0402edf8ef6cd2cc53ad4052089642aad358fe55a6
Multi-Arch: same

Package: libapparmor1
Architecture: amd64
Version: 2.10.95-0ubuntu2.11
Depends: libc6 (>= 2.17)
Filename: pool/main/a/apparmor/libapparmor1_2.10.95-0ubuntu2.11_amd64.deb
MD5sum: 812d4ab6f76fb24839c384df8001b9c9
SHA1: ed67538b3d7dd27b8baef8a67a272a3e8a3695df
SHA256: 1b433c482e1364c6a0bc28b555e9ccda08e91337a8ff7baa400d0ff7dfc90786
SHA512: 3d554cdc448aca579ae71273e5392d6ece39f0eb45e7fa014c0abeefc10c7648e48b7b62b3e20f6381694002cba2284fe1afd0a951e21843320f95275c1b6706
Multi-Arch: same

Package: libattr1
Architecture: amd64
Version: 1:2.4.47-2
Depends: libc6 (>= 2.4)
Pre-Depends: multiarch-support
Conflicts: attr (<< 2.0.0)
Filename: pool/main/a/attr/libattr1_2.4.47-2_amd64.deb
MD5sum: fccf83d54d50840eb7308fbf23c83891
SHA1: a2e188fa349a1f451151a50e7716fd991c738957
SHA256: 6b34040173acef1b806b128bc258b130519b2a7eb167ff1c3f3cb98fa1ddc648
Multi-Arch: same

Package: libaudit-common
Architecture: all
Version: 1:2.4.5-1ubuntu2.1
Replaces: libaudit0, libaudit1 (<< 1:2.2.1-2)
Breaks: libaudit0, libaudit1 (<< 1:2.2.1-2)
Filename: pool/main/a/audit/libaudit-common_2.4.5-1ubuntu2.1_all.deb
MD5sum: 45798929445bf81e91d731c19a67fa77
SHA1: 78ac460195e1e50c1f85569dea36ff71e08d74b2
SHA256: 5e8856bcb8da84684c6dbd6a5036fabe62db0c64a2bdd36d887bc1fca403db98
SHA512: 4864363c72ae688fcf627208972d92064048e10cb72bb5b49bd9dad1083d6ebfa9bdbdffdaca2be1e2fd4d52343b162846c04a8915274093c0a9ca2305be7e82
Multi-Arch: foreign

Package: libaudit1
Architecture: amd64
Version: 1:2.4.5-1ubuntu2.1
Depends: libaudit-common (>= 1:2.4.5-1ubuntu2.1), libc6 (>= 2.14)
Filename: pool/main/a/audit/libaudit1_2.4.5-1ubuntu2.1_amd64.deb
MD5sum: 589f863e5cc85e32c85d4bf0cb267ca5
SHA1: 1359ced2b0d5301c48107a892973965477d06f22
SHA256: 62e1512eedd636ae3398b84c954a44200f8a6944f63f58cf75a6ad4a94fbd01d
SHA512: 9f5d706f04198e177ca8b50df45f57a850589510818b8b4f3c3ce47f92d40503a057fcb6272afb68904310aa3201d86e9ce2a5bcbbee11205950af7e2387c49e
Multi-Arch: same

Package: libblkid1
Architecture: amd64
Version: 2.27.1-6ubuntu3.10
Depends: libc6 (>= 2.17), libuuid1 (>= 2.16)
Filename: pool/main/u/util-linux/libblkid1_2.27.1-6ubuntu3.10_amd64.deb
MD5sum: 3dc882bde3bf3c92f93d3330b9a7a5b5
SHA1: d58abb539cf60f83d3285acbd3855ff24373a123
SHA256: cb65d08b3824424c9f729f93f71bb1ee805dad36da26eb3fccbde1ebc5c2deae
SHA512: 02868db1c42885b26f719fdada6f502951fcfb4be603079d5d22e0c13cfa5a2bf6a6605d680bf9f762ac6db8b74f20ce753aaae53efd59954d831cfae175cb2a
Multi-Arch: same

Package: libbz2-1.0
Architecture: amd64
Version: 1.0.6-8ubuntu0.2
Depends: libc6 (>= 2.4)
Filename: pool/main/b/bzip2/libbz2-1.0_1.0.6-8ubuntu0.2_amd64.deb
MD5sum: e33f8d34d360c8eed702d2b310e1738a
SHA1: 93bb0926bc1a9dc56f122f8e3fc37ca0c73c715e
SHA256: 7ef95d7e6ecd8873d0809e91011b3cc2a6516bb5bf79f75b7942658620448d9f
SHA512: cce531dcb45d5fb64a5db3f2e14df78ca7faa9ac9e79cfc5bbe4af47d0077801d7246276641037cdacdde0be38331e5b7214baf21e91b4c1fa0d38d531d2cc9b
Multi-Arch: same

Package: libc-bin
Architecture: amd64
Version: 2.23-0ubuntu11.2
Depends: libc6 (>> 2.23), libc6 (<< 2.24)
Filename: pool/main/g/glibc/libc-bin_2.23-0ubuntu11.2_amd64.deb
MD5sum: 85d064d926f1839efee7f37b47cddd89
SHA1: 45de637e440efdaa61468a41ad042847d128e74e
SHA256: 23d35f0b5031e7abf8b87a1f2168238f903089b24af70d28bb03d17aa4aea5d0
SHA512: 22dc3c68af7cb7da04ac3b02396578792d46c380eaf130b4c262d5401f620a93ea68f00400e90ffb913f07fdc70e4501549a17862a654adba2538d5328464e2e
Multi-Arch: foreign

Package: libc6
Architecture: amd64
Version: 2.23-0ubuntu11.2
Replaces: libc6-amd64
Depends: libgcc1
Breaks: hurd (<< 1:0.5.git20140203-1), libtirpc1 (<< 0.2.3), locales (<< 2.23), locales-all (<< 2.23), lsb-core (<= 3.2-27), nscd (<< 2.23)
Filename: pool/main/g/glibc/libc6_2.23-0ubuntu11.2_amd64.deb
MD5sum: 2ab9e61048b554e13a754eb2091232b7
SHA1: 790de8a0d7ac0b72c30f4cd2ed9919ed0d31c2c0
SHA256: ebb79c5ff823a4f112d2525eb309be517c1fa1d5e60f4db43ba8213077a7f49b
SHA512: c499a537a5cc51905f62d12eebbc5a60a8a0275543b736dd4e29541be4f129ce55a8cecd3383adca7ea49ee0d00ceae841575904e41e8a37516de22150acb0b7
Multi-Arch: same

Package: libcap2
Architecture: amd64
Version: 1:2.24-12
Depends: libc6 (>= 2.14)
Filename: pool/main/libc/libcap2/libcap2_2.24-12_amd64.deb
MD5sum: 8adacf8eba5546dd45b21bbdb569c06e
SHA1: 8c653f487a858009cec88aceec5c5e2c498b60de
SHA256: 5060624cdafe4745280b6e4b4069b818c7a1d5344a3931b989a6c12fa5907a4b
Multi-Arch: same

Package: libcap2-bin
Architecture: amd64
Version: 1:2.24-12
Replaces: libcap-bin
Depends: libc6 (>= 2.14), libcap2 (>= 1:2.10)
Breaks: libcap-bin
Filename: pool/main/libc/libcap2/libcap2-bin_2.24-12_amd64.deb
MD5sum: a461e30be3350dceab4c6c045c731225
SHA1: 73b5fbc1499eb291363f6741ecd1f68b4a2630ea
SHA256: 772c039c189bc58e745db4664833ded8cd4acb7777470961f6b12e00afe716ce
Multi-Arch: foreign

Package: libcomerr2
Architecture: amd64
Version: 1.42.13-1ubuntu1.2
Replaces: e2fsprogs (<< 1.34-1)
Provides: libcomerr-kth-compat
Depends: libc6 (>= 2.17)
Filename: pool/main/e/e2fsprogs/libcomerr2_1.42.13-1ubuntu1.2_amd64.deb
MD5sum: 185bd22cfc271f5d778f8f5cb0be0258
SHA1: 8056f47131949e73be86e15cfd2d9d571ae9bd7d
SHA256: 3079cfbf642ea0e89e7af080135f98350bc4ce8a882ab63a9844f5e74eae2767
SHA512: 4ece57f23a616bd896f465754fe5211e4d7e8e995de990699f0920f2c888ed6972385a2a23de175a4332ebe34bdb85ba478a40d50c1bc921a9e294ca51ac87e2
Multi-Arch: same

Package: libcryptsetup4
Architecture: amd64
Version: 2:1.6.6-5ubuntu2.1
Depends: libc6 (>= 2.17), libdevmapper1.02.1 (>= 2:1.02.97), libgcrypt20 (>= 1.6.1), libuuid1 (>= 2.16), libgpg-error0 (>= 1.10-0.1)
Filename: pool/main/c/cryptsetup/libcryptsetup4_1.6.6-5ubuntu2.1_amd64.deb
MD5sum: 24aa8687bb06d653cb0cfb0960025fa6
SHA1: 93823775f3aedd7f146577abad014e38e6faaa2c
SHA256: 8f28712eb6c86b94ed1d18d36ae171b02260caa8d1c96da4b356d1d9c1f93cf1
SHA512: 8d459cb0624a00711795e6d85c8622f31872492945bed29d2ddf57f8da0561174a40e90eae7e22222e2d0450b3899402e5fa47da6eb345d123bc51a90f879d88
Multi-Arch: same

Package: libdb5.3
Architecture: amd64
Version: 5.3.28-11ubuntu0.2
Depends: libc6 (>= 2.17)
Filename: pool/main/d/db5.3/libdb5.3_5.3.28-11ubuntu0.2_amd64.deb
MD5sum: 52e4bfea939e97c287ef0e8dcfe2cc74
SHA1: 651f4642389d332983c88ff18c2bb75863c29b79
SHA256: c9dc6eaefb9a2d3a0fd1b41479fda696aec66a402deab41eb1b5c8c5e9bde43e
SHA512: b0f01936e05a2dc9cfed5c569b611ba91f4955770d85a776a6dcb4d97df68ccf284865c95566d790eedcfc8d55db0d5f14c3da4c1b18e5ae06780f9fafde161b
Multi-Arch: same

Package: libdebconfclient0
Architecture: amd64
Version: 0.198ubuntu1
Depends: libc6 (>= 2.4)
Filename: pool/main/c/cdebconf/libdebconfclient0_0.198ubuntu1_amd64.deb
MD5sum: 09f6dee236597ef2aaeecb08d755c063
SHA1: 13fc2e6e6a5ddb9ccd61266b7ebab840eadcfb70
SHA256: 12bda08bcae8d07f1ecea01715031faa107cf19c4f614b5652590cd12776dff5
Multi-Arch: same

Package: libdevmapper1.02.1
Architecture: amd64
Version: 2:1.02.110-1ubuntu10
Depends: libc6 (>= 2.22), libselinux1 (>= 1.32), libudev1 (>= 183)
Conflicts: libdevmapper1.02
Breaks: liblvm2app2.2 (<< 2.02.122), lvm2 (<< 2.02.122)
Filename: pool/main/l/lvm2/libdevmapper1.02.1_1.02.110-1ubuntu10_amd64.deb
MD5sum: 2ad0aeb50415929d5d23e2b5d961891d
SHA1: f521adefd542278d5e0ddd12ff4535aba940acbd
SHA256: cd724eb7974541dcadcc8d457bf71246012f02b85c0add1d1bd271208c78a6f4
Multi-Arch: same

Package: libfdisk1
Architecture: amd64
Version: 2.27.1-6ubuntu3.10
Depends: libblkid1 (>= 2.17.2), libc6 (>= 2.17), libuuid1 (>= 2.16)
Filename: pool/main/u/util-linux/libfdisk1_2.27.1-6ubuntu3.10_amd64.deb
MD5sum: a34439d262fc26f9438f3fbf6856450b
SHA1: 21e3cfa91dc251abd8b41d292e271a4bdc9fb351
SHA256: 51dd3b478d8ccac418bb86576415406cfb6fdf4a11dd0d0534acb6d90d59db56
SHA512: 368dfa17b0a4e3dd78d18a6f7bedfbea1554cfb2986c8428c43822715fe9c7a33e7e0b7857fee5a9d042e1ad077218cb119ca72defa69c4930c950425596f17f
Multi-Arch: same

Package: libgcc1
Architecture: amd64
Version: 1:6.0.1-0ubuntu1
Depends: gcc-6-base (= 6.0.1-0ubuntu1), libc6 (>= 2.14)
Breaks: gcc-4.3 (<< 4.3.6-1), gcc-4.4 (<< 4.4.6-4), gcc-4.5 (<< 4.5.3-2)
Filename: pool/main/g/gccgo-6/libgcc1_6.0.1-0ubuntu1_amd64.deb
MD5sum: 540b75712b73d679c4626ead4b184514
SHA1: 7eeb8245e3ace19a4489c84b55a3e64689af8909
SHA256: 6e374d7b6ee1ffbcff568705b7f9ec7b9befbfcf17e683a21ef6480dc9d0cfe0
Multi-Arch: same

Package: libgcrypt20
Architecture: amd64
Version: 1.6.5-2ubuntu0.6
Depends: libc6 (>= 2.15), libgpg-error0 (>= 1.14)
Filename: pool/main/libg/libgcrypt20/libgcrypt20_1.6.5-2ubuntu0.6_amd64.deb
MD5sum: c830f94c2d8d6e1c6bf9e2ca9e9a94cd
SHA1: 075a9a2bfc6e708b2ebecfa0c1ceb951520ca83f
SHA256: 9285aa307b00e73e266b4dfda5e4d7fe10c5336c6aa6032ce2917981407e8b3c
SHA512: 56d7f590474abd6137f171aaa840674132da8fb77e1b7a44444f5b8383557f232300d4eae62ae60c7f47e1c151467005a550f3aa03abaf0e9a04b4d1add36025
Multi-Arch: same

Package: libgpg-error0
Architecture: amd64
Version: 1.21-2ubuntu1
Depends: libc6 (>= 2.15)
Filename: pool/main/libg/libgpg-error/libgpg-error0_1.21-2ubuntu1_amd64.deb
MD5sum: a00f8f1a08113f1eb43b4782ed83beb5
SHA1: c8dc1769c9971c05839651bdb8cffc1c7f2736d5
SHA256: 22f56dc31efd0cee75398590960c3e4425ddfd9b55c6ffec790732c249974a12
Multi-Arch: same

Package: libkmod2
Architecture: amd64
Version: 22-1ubuntu5.2
Depends: libc6 (>= 2.17)
Filename: pool/main/k/kmod/libkmod2_22-1ubuntu5.2_amd64.deb
MD5sum: 0818deb9e0438be854dc4893f7c52a2e
SHA1: 0d1f66961019074e192eb34737294f560d4812e9
SHA256: 1eca39a519c22e66491fb75d64a5877ef025b6e95c759fd247c105d1e5a3133d
SHA512: ebcbdc533d63c386552238bb6e3eb07ea6a58960cde23665c547fda6e90f2f37a2c9380dddae995ee84d307975a3f9587ff49da314a1e562d8a931ad70c5f61e
Multi-Arch: same

Package: liblzma5
Architecture: amd64
Version: 5.1.1alpha+20120614-2ubuntu2
Depends: libc6 (>= 2.14)
Pre-Depends: multiarch-support
Filename: pool/main/x/xz-utils/liblzma5_5.1.1alpha+20120614-2ubuntu2_amd64.deb
MD5sum: 759f50b893e9809a168a9d926a6095d0
SHA1: 5047b25046c22cc6a22579722312150e5428d9e9
SHA256: 4062214896ad59759d0fe012146d7f001159b9a79fe28baea296205b53ba7cb9
Multi-Arch: same

Package: libmount1
Architecture: amd64
Version: 2.27.1-6ubuntu3.10
Depends: libblkid1 (>= 2.17.2), libc6 (>= 2.17), libselinux1 (>= 1.32)
Filename: pool/main/u/util-linux/libmount1_2.27.1-6ubuntu3.10_amd64.deb
MD5sum: 69f2f452632409556a3e65df95f66bc8
SHA1: d41a42226970d94bf4f00ec0891ef47374e7c06f
SHA256: 23c8de181e02cb08cbaa994e4bbf91a03b9d1a5d3fec2b12513ad8a18b587cce
SHA512: 9dde2731799a8b92a1110f62df6ea8997cff5d1e2ab3cb30e88f431336d7cc765f345af5d39d7824f5b412f5dbe797ebfff8b1052a528ffc0ffcb7fa999cb78b
Multi-Arch: same

Package: libncurses5
Architecture: amd64
Version: 6.0+20160213-1ubuntu1
Depends: libtinfo5 (= 6.0+20160213-1ubuntu1), libc6 (>= 2.14)
Filename: pool/main/n/ncurses/libncurses5_6.0+20160213-1ubuntu1_amd64.deb
MD5sum: 069554f95e57ac8709c290a98eb0a403
SHA1: 4ade5dc196a75b9ebb2caa6b521a9744d8b974d6
SHA256: 085efe5f455b6e6e33f52a57d5af800883482f20e7e19774323c02cd0aa9f2b7
Multi-Arch: same

Package: libncursesw5
Architecture: amd64
Version: 6.0+20160213-1ubuntu1
Depends: libtinfo5 (= 6.0+20160213-1ubuntu1), libc6 (>= 2.14)
Filename: pool/main/n/ncurses/libncursesw5_6.0+20160213-1ubuntu1_amd64.deb
MD5sum: 923ddf282a121d22262e62ef738b8ad1
SHA1: 858eab2e2cb93f5301f1c97ffe653e7d82b826c6
SHA256: da2dbe9903994e7406aaa0091f7ffaeb90156990bf5585e0d5edb0be4310e9c2
Multi-Arch: same

Package: libpam-modules
Architecture: amd64
Version: 1.1.8-3.2ubuntu2.3
Replaces: libpam-umask, libpam0g-util
Provides: libpam-mkhomedir, libpam-motd, libpam-umask
Pre-Depends: libaudit1 (>= 1:2.2.1), libc6 (>= 2.15), libdb5.3, libpam0g (>= 1.1.3-2), libselinux1 (>= 2.1.9), debconf (>= 0.5) | debconf-2.0, libpam-modules-bin (= 1.1.8-3.2ubuntu2.3)
Conflicts: libpam-mkhomedir, libpam-motd, libpam-umask
Filename: pool/main/p/pam/libpam-modules_1.1.8-3.2ubuntu2.3_amd64.deb
MD5sum: 75dcac8b404f800f2da8aa1c29ddea82
SHA1: 54c968a2995253e6b28dcedd6305274ff7938996
SHA256: d68f4b7017e787ff1c14a7b90c5d5de47ba5ddf1816285e2e193a6a068ed916c
SHA512: 9cd63cf0d6e710f13287bb8b3181059d9dd5b3b9a2704c6abe312bf17d1ce1ec2154fbeaae15db63fed14a5de46dc6c53d95561936686e5084c54ad0521d1b15
Multi-Arch: same

Package: libpam-modules-bin
Architecture: amd64
Version: 1.1.8-3.2ubuntu2.3
Replaces: libpam-modules (<< 1.1.3-8)
Depends: libaudit1 (>= 1:2.2.1), libc6 (>= 2.14), libpam0g (>= 0.99.7.1), libselinux1 (>= 1.32)
Filename: pool/main/p/pam/libpam-modules-bin_1.1.8-3.2ubuntu2.3_amd64.deb
MD5sum: f98bddc0cf2766955309fd8e37883c7a
SHA1: 3910f740ee37873154cd9d80a09be3e300098fc3
SHA256: bafd5bab65c8d2b63dee9d1993eb10e0ddcc11d57ae795499e69eb990a4e5a27
SHA512: 1c0185651b8bb2828cf2f22b2ac519bc3f2f8cd489bc8b9401d5461b40bd4994aff876f3b85db9cd69abf1696808f3236029ff1036d7c2a77e27ae2c701280ee
Multi-Arch: foreign

Package: libpam-runtime
Architecture: all
Version: 1.1.8-3.2ubuntu2.3
Replaces: libpam0g-dev, libpam0g-util
Depends: debconf (>= 0.5) | debconf-2.0, debconf (>= 1.5.19) | cdebconf, libpam-modules (>= 1.0.1-6)
Conflicts: libpam0g-util
Filename: pool/main/p/pam/libpam-runtime_1.1.8-3.2ubuntu2.3_all.deb
MD5sum: bbf2a584cfdf7282daae8e45f4934e9b
SHA1: 8104d40b49d6b147239be2a1e4f2c2c8cd5d6ab7
SHA256: c8909cb5213be3e0fc03cf7df321400d091ba6bcdd8b273919b4f47dc622b883
SHA512: 681740a9b024a55be1f487fbc94af26ba32768ba20bd5c5f301a1becc27ab081ae2d99527a40ef01121bdca1debdc59af1e4d23a68240bdf327aef04cb476ae9
Multi-Arch: foreign

Package: libpam0g
Architecture: amd64
Version: 1.1.8-3.2ubuntu2.3
Replaces: libpam0g-util
Depends: libaudit1 (>= 1:2.2.1), libc6 (>= 2.14), debconf (>= 0.5) | debconf-2.0
Filename: pool/main/p/pam/libpam0g_1.1.8-3.2ubuntu2.3_amd64.deb
MD5sum: 89ef4fb503c11a2b1ba9924b8bfe50f8
SHA1: 26c1a30686ae8af9a79dfc3ceff15af2174557b6
SHA256: a941e42b4ad90642e311a8c0024024ad8d7e0c30af51dd53680dcecee3710301
SHA512: 557010ef0171dca8947990681609d72c3703993157b4d39aeda6ed55f5289896489670f2d0ba36cb365a58cb7dbf46093bd70e90cf4fa5dfe97610c3aed7fa4e
Multi-Arch: same

Package: libpcre3
Architecture: amd64
Version: 2:8.38-3.1
Depends: libc6 (>= 2.14)
Pre-Depends: multiarch-support
Conflicts: libpcre3-dev (<= 4.3-3)
Breaks: approx (<< 4.4-1~), cduce (<< 0.5.3-2~), cmigrep (<< 1.5-7~), galax (<< 1.1-7~), libpcre-ocaml (<< 6.0.1~), liquidsoap (<< 0.9.2-3~), ocsigen (<< 1.3.3-1~)
Filename: pool/main/p/pcre3/libpcre3_8.38-3.1_amd64.deb
MD5sum: 2c81decd656a3c3843e47fb5ccf71065
SHA1: a6ca64812097d460f767aa74166bfdaa0af14395
SHA256: 736f799fbb8a8d4be8cdded2b046813de391661d925d6e5a5a82febf65bbf065
Multi-Arch: same

Package: libprocps4
Architecture: amd64
Version: 2:3.3.10-4ubuntu2.5
Replaces: procps (<< 1:3.3.2-1)
Depends: libc6 (>= 2.14), libsystemd0
Filename: pool/main/p/procps/libprocps4_3.3.10-4ubuntu2.5_amd64.deb
MD5sum: 522dab6ba5612b1894e93ec8be667544
SHA1: 56a31d967589e1df4f2e1b9bc640826a42ab6eb3
SHA256: fc42969dec1e749f6b3b0bfdb91ad5d3876a30c29db4d22840b16a271cd39b68
SHA512: ae7076c2ec85128fc6a22d8cfc5a423f2b592d69ab292e894597ee8318ffe586ec22680337615970ee939c8038395ecf88b476708e7670e03171c6bac6dd6c38
Multi-Arch: same

Package: libseccomp2
Architecture: amd64
Version: 2.4.3-1ubuntu3.16.04.3
Depends: libc6 (>= 2.4)
Filename: pool/main/libs/libseccomp/libseccomp2_2.4.3-1ubuntu3.16.04.3_amd64.deb
MD5sum: a8d94797ccdb9c53bc80cd3c1b9d3454
SHA1: fb90b1ddbfd0ebde7c2dd24dd3632918095db250
SHA256: 3ceb09d069e1a5ead27959cc4b0dae2bb500e293357eb0ac18a80323be31b12f
SHA512: 34e0a98d68ede9f1a2e0a3e321d0f9452b508413c93ebe1fb4e3ed703dbe1461128ace607dd1deed877e0177951205bcf8018ed67ec9e8c444d6f2238308c152
Multi-Arch: same

Package: libselinux1
Architecture: amd64
Version: 2.4-3build2
Depends: libc6 (>= 2.14), libpcre3
Filename: pool/main/libs/libselinux/libselinux1_2.4-3build2_amd64.deb
MD5sum: 5ba8c7ff222a86611b0ef37b52eebc28
SHA1: 9e5126344d70f36f53e1eba23b41a6ad2d2e4f8c
SHA256: 1d71715f2fa16391e55e29f2b4238ca4333f6324a40e5fc503bce9760d5b9330
Multi-Arch: same

Package: libsemanage-common
Architecture: all
Version: 2.3-1build3
Replaces: libsemanage1 (<= 2.0.41-1), libsemanage1-dev (<< 2.1.6-3~)
Breaks: libsemanage1 (<= 2.0.41-1), libsemanage1-dev (<< 2.1.6-3~)
Filename: pool/main/libs/libsemanage/libsemanage-common_2.3-1build3_all.deb
MD5sum: 5184f579b2784a1cc7392d1c61b0e8c9
SHA1: 0805d76e1dfd9a3279ce95da737d76e911c5b439
SHA256: f981322182e6215c8a4ad3c372a830d868959246cc060b0be30e246f68e01589
Multi-Arch: foreign

Package: libsemanage1
Architecture: amd64
Version: 2.3-1build3
Depends: libsemanage-common (= 2.3-1build3), libaudit1 (>= 1:2.2.1), libbz2-1.0, libc6 (>= 2.14), libselinux1 (>= 2.1.12), libsepol1 (>= 2.1.4), libustr-1.0-1 (>= 1.0.4)
Filename: pool/main/libs/libsemanage/libsemanage1_2.3-1build3_amd64.deb
MD5sum: d665d032af79a18b11aceb4ea28f20b0
SHA1: 43ef7f3391818aaabb724f70e7bc99471543126d
SHA256: a96ed2999ecf0f4afe89652435e3f252ad5d53840e9c0d6d21bfa56a8c09b70f
Multi-Arch: same

Package: libsepol1
Architecture: amd64
Version: 2.4-2
Depends: libc6 (>= 2.14)
Filename: pool/main/libs/libsepol/libsepol1_2.4-2_amd64.deb
MD5sum: a2738f36eed6c92f5bdc603431a0c803
SHA1: 13fcc0e69859d45b2166f24dd08e0d60683001b8
SHA256: 51a02be01ee81f771f87cab13abc977c407eff8c3d5f142f665cfb15a03a6222
Multi-Arch: same

Package: libsmartcols1
Architecture: amd64
Version: 2.27.1-6ubuntu3.10
Depends: libc6 (>= 2.17)
Filename: pool/main/u/util-linux/libsmartcols1_2.27.1-6ubuntu3.10_amd64.deb
MD5sum: 9daae93a7dbb1a448ae001f265bab880
SHA1: 7050d3a280eb1057a56e1c4a63028e77ea9e9cf2
SHA256: 0bbf116c1016601ebdc63bd9d0bd63f90b8b0f7825a6a71e9030b2b1ae251599
SHA512: 06b8e5a4bf48f477b9bea341b6f1b63bdbf53aa61e92b48c7347e449ae553ee7e09f2da96e9a0e519e2d259a435890d33a4e59405ba64ce66898f1294b6caa31
Multi-Arch: same

Package: libss2
Architecture: amd64
Version: 1.42.13-1ubuntu1.2
Replaces: e2fsprogs (<< 1.34-1)
Depends: libcomerr2, libc6 (>= 2.17)
Filename: pool/main/e/e2fsprogs/libss2_1.42.13-1ubuntu1.2_amd64.deb
MD5sum: b3c62931f99f603dcf28ff4182aa410f
SHA1: d47c2574ca55918d98970ca6e8c66f129a746b0b
SHA256: 1454ca70bf10c8a0ea65ed1b8073d27c4a427d2eb1cc4247d400f1d0e5fa0c61
SHA512: 5bd3346d0ba1f137b7647039220c58112ec32d9388b54c0fff699c439de7fb76c27131a72ccaf40464fad28f03bd954a6056b9c8b1cebd6b5419342dcd58c737
Multi-Arch: same

Package: libsystemd0
Architecture: amd64
Version: 229-4ubuntu21.29
Pre-Depends: libc6 (>= 2.17), libgcrypt20 (>= 1.6.1), liblzma5 (>= 5.1.1alpha+20120614), libselinux1 (>= 1.32)
Filename: pool/main/s/systemd/libsystemd0_229-4ubuntu21.29_amd64.deb
MD5sum: d83232bdb5cd9c0a2aca3e67cdd1f8a3
SHA1: 9d718fa5b784c0ad5dc151bea456d561c843d57b
SHA256: d56c69a3131d33065b4107b165404ec21128a04228e58a0d7c681480b7d30b66
SHA512: 6aa9febb6cd3cf51208a0ba1d9f92c4f1f3da2a66bf58aac2a2a6dde06479a02cab9c0db55bca1e6a2665b41c5a054983c742eb15c79206bb318d5c01d5a18fc
Multi-Arch: same

Package: libtinfo5
Architecture: amd64
Version: 6.0+20160213-1ubuntu1
Replaces: libncurses5 (<< 5.9-3)
Depends: libc6 (>= 2.16)
Breaks: dialog (<< 1.2-20130523)
Filename: pool/main/n/ncurses/libtinfo5_6.0+20160213-1ubuntu1_amd64.deb
MD5sum: 5c4e3666aa6f6dd419f3301ecedae411
SHA1: b961599d2bf6a5a0cf21f78746b01278d10a661d
SHA256: 87911b59dabcc52e2dcad9c01679259ccfa785916aed4b1bbecdd3e699c75fb8
Multi-Arch: same

Package: libudev1
Architecture: amd64
Version: 229-4ubuntu21.29
Depends: libc6 (>= 2.16)
Filename: pool/main/s/systemd/libudev1_229-4ubuntu21.29_amd64.deb
MD5sum: 411e2e2c1b8157921bfb600e98641902
SHA1: 55f446009f2fe1514435b7fc48c7d30898c504eb
SHA256: ec2afc1fe8ab4690760d7ed9861b86e28a20b62d17eb6f94fcf154950fbf8d9d
SHA512: d84f32ce4282fb32bd71479c53a19cfa068410b65d8810088c47e1f2aa5d73179ace8fb175fcfaf12e9666f9eb5f62ae3d3f29268051523281b4fd78bfa6d21a
Multi-Arch: same

Package: libustr-1.0-1
Architecture: amd64
Version: 1.0.4-5
Depends: libc6 (>= 2.14)
Filename: pool/main/u/ustr/libustr-1.0-1_1.0.4-5_amd64.deb
MD5sum: 8a3180d1f907e884bc6be4fa71f304e0
SHA1: 03d5b74c64ce4263507e7080a08b52c2606b0d76
SHA256: e2b8877211e32780d76ed1361ffa16eba8cdfecd2f0e5a437ba1ea81b550869f
Multi-Arch: same

Package: libuuid1
Architecture: amd64
Version: 2.27.1-6ubuntu3.10
Replaces: e2fsprogs (<< 1.34-1)
Depends: passwd, libc6 (>= 2.4)
Filename: pool/main/u/util-linux/libuuid1_2.27.1-6ubuntu3.10_amd64.deb
MD5sum: da27b09be8faeaa777128ada7e6c9329
SHA1: 7f7b7ed5939c7d8e3d729eaf4ea72b12b7d7e0f7
SHA256: 2448657baae15d88d964022bd3827e9274129928ae8a9f04556866b26cf8a4dd
SHA512: 7077c7f9e5873aef5a3df4fcb2e31384415c06cf9f42d81db786058da884e3a63be3b633d32d0f8a206a6db6b7c45a8d871b89b1098ee3680fff3d0047bdf4d0
Multi-Arch: same

Package: locales
Architecture: all
Version: 2.23-0ubuntu11.2
Replaces: libc-bin (<< 2.23), manpages-fr-extra (<< 20141022)
Depends: libc-bin (>> 2.23), debconf (>= 0.5) | debconf-2.0
Breaks: libc-bin (<< 2.23)
Filename: pool/main/g/glibc/locales_2.23-0ubuntu11.2_all.deb
MD5sum: 09afbfc341d115a5f829514bb89553d3
SHA1: 00a2cb3fb130f4cb890a6a01ef39acaab9d8443d
SHA256: 54c67cab95128d7b1d5b0630f3f7e478e2b322598fa055649e4862c663711e2d
SHA512: fb01a0368adf8d6242e5ef8b2ab6556621107d99d4f737e45702c9c9751372c6fd946ba76025308774a6d3ecbbb4ebcae8c8bf8a4aea0398b304f1259ea7bb04

Package: login
Architecture: amd64
Version: 1:4.2-3.1ubuntu5.4
Replaces: manpages-de (<< 0.5-3), manpages-tr (<< 1.0.5), manpages-zh (<< 1.5.1-1)
Pre-Depends: libaudit1 (>= 1:2.2.1), libc6 (>= 2.14), libpam0g (>= 0.99.7.1), libpam-runtime, libpam-modules (>= 1.1.8-1)
Conflicts: amavisd-new (<< 2.3.3-8), backupninja (<< 0.9.3-5), echolot (<< 2.1.8-4), gnunet (<< 0.7.0c-2), python-4suite (<< 0.99cvs20060405-1)
Filename: pool/main/s/shadow/login_4.2-3.1ubuntu5.4_amd64.deb
MD5sum: 92b87bdc83fbeb09a1238210b4719065
SHA1: ec43149cb7fba5cf02abe3d9c8346bd54f525d4e
SHA256: ac0925ff6c7fd0489ea81b53852e027dab8a725ba5a0ce8a0d7a18c8e97ae0d3
SHA512: 80f3228d4134895522f1e28e757397970c209ae2ba6dc70e946a9d49f579e20dc9d1fd5cab8d99d563b6c66c0cd71e149de4ebdbb599aad78717604251b3f369

Package: lsb-base
Architecture: all
Version: 9.20160110ubuntu0.2
Replaces: upstart (<< 1.12.1-0ubuntu8)
Breaks: upstart (<< 1.12.1-0ubuntu8)
Filename: pool/main/l/lsb/lsb-base_9.20160110ubuntu0.2_all.deb
MD5sum: a2da9e96d14b21489ad7f363ad52f6c9
SHA1: a1c9250aeec1efc7d85a646dabc38472ccf8ac96
SHA256: c777b09ccc75be22711b20d303188d289e9bcfbc20a2c34851ba92f7ee6dc208
SHA512: 8519246d0000c52427e7a8bb2d3182b61cfb8a067a2c588e265201c0163f4ef12cf16ee22d597abc67ca25ebb5ef9012f764f3c2ece486e131678de18c0bcffa
Multi-Arch: foreign

Package: makedev
Architecture: all
Version: 2.3.1-93ubuntu2~ubuntu16.04.1
Depends: base-passwd (>= 3.0.4)
Conflicts: udev (<= 0.024-7)
Filename: pool/main/m/makedev/makedev_2.3.1-93ubuntu2~ubuntu16.04.1_all.deb
MD5sum: ef1dda8e9d64b8623a48d9771876a154
SHA1: 504fe1921ddda283085bf52434cbf12b1ca37c4e
SHA256: bbf14a408ecbff417e9e9d5c71ea274c215a87b0286761b64208a2f359088d1d
SHA512: 66ca5dc1c5c0b351ce9c6cc86483de98565ad9802bcf9965970e249a30a069c7c5898cb03f8b0f9bf18be95a104e4f66a585d471d21a196887e3d5114d4533e9
Multi-Arch: foreign

Package: mawk
Architecture: amd64
Version: 1.3.3-17ubuntu2
Provides: awk
Pre-Depends: libc6 (>= 2.14)
Filename: pool/main/m/mawk/mawk_1.3.3-17ubuntu2_amd64.deb
MD5sum: ca1ecd2030a4aee73ae8d64ed7ddaba5
SHA1: ce7577c4a0692a0501a2d957af4e1be834a054bc
SHA256: c1f3ebea7ffeca3d4289284fc54e61eafa7b50f1e5fcc2c04695ee4cae1eb958
Multi-Arch: foreign

Package: mount
Architecture: amd64
Version: 2.27.1-6ubuntu3.10
Pre-Depends: libblkid1 (>= 2.17.2), libc6 (>= 2.17), libmount1 (>= 2.25), libsmartcols1 (>= 2.27~rc1), libudev1 (>= 183)
Filename: pool/main/u/util-linux/mount_2.27.1-6ubuntu3.10_amd64.deb
MD5sum: 716323624032f60111329a949a47c8a4
SHA1: 46127f1ca7fdce50608944f7c7016779afefbe27
SHA256: 54b6415be5172c0026c77e267b244d173a82867a81a3921ebaf4a397c22ffb43
SHA512: e19c14b623d670736dddeb4bcda106bd18a9d6a63605ea9a22763444774b0599980d9d031eedc9c18ae532e9d62fa83f10089d5d015a8da7510b571131b4b33a
Multi-Arch: foreign

Package: multiarch-support
Architecture: amd64
Version: 2.23-0ubuntu11.2
Depends: libc6 (>= 2.3.6-2)
Filename: pool/main/g/glibc/multiarch-support_2.23-0ubuntu11.2_amd64.deb
MD5sum: ababd0fb24ee4b526658ccc2aec3ee06
SHA1: e11f8df9d2dac72d5b2d9ed6307c796873ea3b58
SHA256: 8682ca3c756f40f47fe4007b31143b54ae58d18068eba702569fb5c67e1087a2
SHA512: 6d7ed8b04ae6eddc58e5a5dcdaf5de03a43fecd9e331fa17ed26a4bf0d374140456f1b79dbb0a88f5f798fbf261440fa83b912c7e950dcebcd7165e5a72c7e78
Multi-Arch: foreign

Package: ncurses-base
Architecture: all
Version: 6.0+20160213-1ubuntu1
Provides: ncurses-runtime
Breaks: ncurses-term (<< 5.7+20100313-3)
Filename: pool/main/n/ncurses/ncurses-base_6.0+20160213-1ubuntu1_all.deb
MD5sum: 741fdd0a709bf75c99ca4388f9c2205c
SHA1: 0334cd326e36ec372c8306cd9ed8685d619e189e
SHA256: 7e391954e99353a2d2ac351bd8e1736dccaa39453c35fd6f9f1f2a3413b6c9b9
Multi-Arch: foreign

Package: ncurses-bin
Architecture: amd64
Version: 6.0+20160213-1ubuntu1
Pre-Depends: libc6 (>= 2.14), libtinfo5 (>= 6.0+20151017), libtinfo5 (<< 6.1~)
Filename: pool/main/n/ncurses/ncurses-bin_6.0+20160213-1ubuntu1_amd64.deb
MD5sum: b48f2e1d24f9263428975a8894efd77d
SHA1: 7c273822660bf480fdf9daa3e1ca0390c64b4442
SHA256: 56818f36b177e09d14f820d5f6b750c7f73d15027c235e81bab6b7f7a25afa72
Multi-Arch: foreign

Package: passwd
Architecture: amd64
Version: 1:4.2-3.1ubuntu5.4
Replaces: manpages-tr (<< 1.0.5), manpages-zh (<< 1.5.1-1)
Depends: libaudit1 (>= 1:2.2.1), libc6 (>= 2.14), libpam0g (>= 0.99.7.1), libselinux1 (>= 1.32), libsemanage1 (>= 2.0.3), lsb-base (>= 4.1+Debian11ubuntu7), libpam-modules, debianutils (>= 2.15.2)
Filename: pool/main/s/shadow/passwd_4.2-3.1ubuntu5.4_amd64.deb
MD5sum: 57ba9ae720368fb39980813a754e76b8
SHA1: 51633827c553cbd30875e29f673dc2013b4caaa6
SHA256: 1a3fc2a6633088b5a596648910fc2021d3f04f56887768f2f37c603bd92db8b3
SHA512: ec2e71116160bbe1d5c1ed687f4d7bdf04896e79c24d65951742d33a2724063d6645122321c8725d6d8a5c375f60ba29d9527361478cb4a5e2f4b425da91b14f
Multi-Arch: foreign

Package: perl-base
Architecture: amd64
Version: 5.22.1-9ubuntu0.9
Replaces: libfile-path-perl (<< 2.09), libfile-temp-perl (<< 0.2304), libio-socket-ip-perl (<< 0.37), libscalar-list-utils-perl (<< 1:1.41), libsocket-perl (<< 2.018), libxsloader-perl (<< 0.20), perl (<< 5.10.1-12), perl-modules (<< 5.20.1-3)
Provides: libfile-path-perl, libfile-temp-perl, libio-socket-ip-perl, libscalar-list-utils-perl, libsocket-perl, libxsloader-perl, perlapi-5.22.1
Pre-Depends: libc6 (>= 2.23), dpkg (>= 1.17.17)
Conflicts: defoma (<< 0.11.12), doc-base (<< 0.10.3), mono-gac (<< 2.10.8.1-3), safe-rm (<< 0.8), update-inetd (<< 4.41)
Breaks: autoconf2.13 (<< 2.13-45), backuppc (<< 3.3.1-2), libalien-wxwidgets-perl (<< 0.65+dfsg-2), libanyevent-perl (<< 7.070-2), libcommon-sense-perl (<< 3.72-2~), libfile-path-perl (<< 2.09), libfile-spec-perl (<< 3.5600), libfile-temp-perl (<< 0.2304), libgtk2-perl-doc (<< 2:1.2491-4), libio-socket-ip-perl (<< 0.37), libjcode-perl (<< 2.13-3), libmarc-charset-perl (<< 1.2), libsbuild-perl (<< 0.67.0-1), libscalar-list-utils-perl (<< 1:1.41), libsocket-perl (<< 2.018), libxsloader-perl (<< 0.20), mailagent (<< 1:3.1-81-2), pdl (<< 1:2.007-4), perl (<< 5.22.1~), perl-modules (<< 5.22.1~)
Filename: pool/main/p/perl/perl-base_5.22.1-9ubuntu0.9_amd64.deb
MD5sum: dd06f3cf04bd10ffc17db7b4211f0573
SHA1: 1406492bab019c93d0f7d261e4009fe2cf8dfe13
SHA256: 8e873096d4568d680a5ad2f776545435f430f6aecc521413f3afc5aeff52559e
SHA512: f89b32472baa1cc9090e3f0788509ce76914bf77e4eeb6698b05ee101c17ccfe0cd2843994158b9b77afb548abd7299257d36bb44294414b64f2d930a41aa0a7

Package: procps
Architecture: amd64
Version: 2:3.3.10-4ubuntu2.5
Provides: watch
Depends: libc6 (>= 2.15), libncurses5 (>= 6), libncursesw5 (>= 6), libprocps4, libtinfo5 (>= 6), lsb-base (>= 4.1+Debian11ubuntu7), initscripts
Conflicts: pgrep (<< 3.3-5), w-bassman (<< 1.0-3)
Breaks: guymager (<= 0.5.9-1), open-vm-tools (<= 2011.12.20-562307-1), xmem (<= 1.20-27.1)
Filename: pool/main/p/procps/procps_3.3.10-4ubuntu2.5_amd64.deb
MD5sum: 5c9e5215a8b01fb868e83cd4fb5838f2
SHA1: f55e4060bc589b89913250e091144c32e4d43a3c
SHA256: 3d13296fba462722884b9081664595a43857807359a82016759d63a1663a4fcf
SHA512: c1b399b01c7c3ebbcf2467da8e9b774547679de478fa9ac99e2c90f3cd9ac903c1b8bbf4986f0febffabc863c08a85c6b2db7cad70b3d9acf2ef2722102d9250
Multi-Arch: foreign

Package: sed
Architecture: amd64
Version: 4.2.2-7
Depends: dpkg (>= 1.15.4) | install-info
Pre-Depends: libc6 (>= 2.14), libselinux1 (>= 1.32)
Filename: pool/main/s/sed/sed_4.2.2-7_amd64.deb
MD5sum: cb5d3a67bb2859bc2549f1916b9a1818
SHA1: dc7e76d7a861b329ed73e807153c2dd89d6a0c71
SHA256: 0623b35cdc60f8bc74e6b31ee32ed4585433fb0bc7b99c9a62985c115dbb7f0d
Multi-Arch: foreign

Package: sensible-utils
Architecture: all
Version: 0.0.9ubuntu0.16.04.1
Replaces: debianutils (<= 2.32.3), manpages-pl (<= 20060617-3~)
Filename: pool/main/s/sensible-utils/sensible-utils_0.0.9ubuntu0.16.04.1_all.deb
MD5sum: 2ef985dcd226e216d6397ef61367390d
SHA1: 17e7015e0f67a8ea6895562dfd496b014788bac2
SHA256: 4cef35020cd50424f6b99eb3074551bbc68090306795741c6771f0ef22e4f186
SHA512: a1e98c118f11cb111b0e7e8ebfbba4dc89224bc4f8c9525b1225afca7e383426c77d21f325fa2f57930f9dc58a7b724f17a2c5905a4007f2f0587dfedd6283c2
Multi-Arch: foreign

Package: sl
Architecture: amd64
Version: 3.03-17build1
Depends: libc6 (>= 2.4), libncurses5 (>= 6), libtinfo5 (>= 6)
Filename: pool/universe/s/sl/sl_3.03-17build1_amd64.deb
MD5sum: c13275987485c3e581c12c5335bdd4c6
SHA1: 8a3d011556acc0a442a46525281c16b8a5ceabe0
SHA256: 73e7edfd428a3667fea6d37dae70c0d3d9dcfed3afa1e3d6225ed0cb362df52d

Package: systemd
Architecture: amd64
Version: 229-4ubuntu21.29
Replaces: systemd-services, udev (<< 228-5)
Provides: systemd-services
Depends: libacl1 (>= 2.2.51-8), libapparmor1 (>= 2.9.0-3+exp2), libaudit1 (>= 1:2.2.1), libblkid1 (>= 2.19.1), libcap2 (>= 1:2.10), libcryptsetup4 (>= 2:1.4.3), libgpg-error0 (>= 1.14), libkmod2 (>= 5~), libmount1 (>= 2.26.2), libpam0g (>= 0.99.7.1), libseccomp2 (>= 2.2.3-3~), libselinux1 (>= 2.1.9), libsystemd0 (= 229-4ubuntu21.29), util-linux (>= 2.27.1), mount (>= 2.26), adduser, libcap2-bin
Pre-Depends: libc6 (>= 2.17), libgcrypt20 (>= 1.6.1), liblzma5 (>= 5.1.1alpha+20120614), libselinux1 (>= 1.32)
Conflicts: klogd, systemd-services
Breaks: apparmor (<< 2.9.2-1), ifupdown (<< 0.8.5~), lsb-base (<< 4.1+Debian4), lvm2 (<< 2.02.104-1), systemd-shim (<< 8-2), udev (<< 228-5)
Filename: pool/main/s/systemd/systemd_229-4ubuntu21.29_amd64.deb
MD5sum: df1bde365e4736b58ee23e0e66f41508
SHA1: 2ab822cca72fc3e00558dd82659514b8697aba8f
SHA256: 80ecd050e47c6743d7d79e16b2cd6f87d3453faed4ec5bef44c3fc47291fce51
SHA512: 2f871259e211ba91fdcdef6e3b618900930daa20dd3bf1124d4e9078029a3cfc51e0995bf881309ec6d308e55debc608e355179e09883cbca7f813dab0e25e28
Multi-Arch: foreign

Package: systemd-sysv
Architecture: amd64
Version: 229-4ubuntu21.29
Replaces: sysvinit (<< 2.88dsf-44~), sysvinit-core, upstart (<< 1.13.2-0ubuntu10~), upstart-sysv
Pre-Depends: systemd
Conflicts: file-rc, openrc, sysvinit-core, upstart (<< 1.13.2-0ubuntu10~), upstart-sysv
Filename: pool/main/s/systemd/systemd-sysv_229-4ubuntu21.29_amd64.deb
MD5sum: 0f153bf384d04291d9031b8ad724c59f
SHA1: 03ae4b855825348cb6c237f0ecd88f5e5ed8bb0f
SHA256: 3b7c14c537b9b3d8d1f84c0d35d08ea0945241dd3547f7b3ce6de70802185609
SHA512: 2efcb55fc77a0bd1a2e46af1317ee66f52443aceff8b85046c4c9b588aac809fa37872ad72644e866a64700fbef5aa2c62e36c8fc8dcbb2493f22918e7879520
Multi-Arch: foreign

Package: sysv-rc
Architecture: all
Version: 2.88dsf-59.3ubuntu2
Depends: debconf (>= 0.5) | debconf-2.0, sysvinit-utils (>= 2.86.ds1-62), insserv (>> 1.12.0-10)
Pre-Depends: init-system-helpers (>= 1.25~)
Breaks: initscripts (<< 2.86.ds1-63), systemd (<< 215)
Filename: pool/main/s/sysvinit/sysv-rc_2.88dsf-59.3ubuntu2_all.deb
MD5sum: 21684a8162a0dc9279456e061434c6d7
SHA1: e7e80167f6b23a7d9ea1b4d37683f339052f688d
SHA256: e77cbe5bb5dfec2ac1c214fc2fd8cce6d30d50fc3302ce69773c46c5d9e43997
Multi-Arch: foreign

Package: sysvinit-utils
Architecture: amd64
Version: 2.88dsf-59.3ubuntu2
Replaces: last, sysvinit (<= 2.86.ds1-65)
Depends: libc6 (>= 2.14), init-system-helpers (>= 1.25~)
Conflicts: chkconfig (<< 11.0-79.1-2), last, startpar (<< 0.58-2), sysvconfig
Breaks: systemd (<< 215), upstart (<< 1.5-0ubuntu5), util-linux (<< 2.26.2-3)
Filename: pool/main/s/sysvinit/sysvinit-utils_2.88dsf-59.3ubuntu2_amd64.deb
MD5sum: c46b52e0bfa0444002deffdfc8088675
SHA1: def4a33f78cfa177d1eed8ddc85c6acb272441f8
SHA256: 30c10658bc6f963db27f963257364b9b1e072fa95310f49c25c00345b321cb89
Multi-Arch: foreign

Package: tar
Architecture: amd64
Version: 1.28-2.1ubuntu0.1
Replaces: cpio (<< 2.4.2-39)
Pre-Depends: libacl1 (>= 2.2.51-8), libc6 (>= 2.17), libselinux1 (>= 1.32)
Conflicts: cpio (<= 2.4.2-38)
Breaks: dpkg-dev (<< 1.14.26)
Filename: pool/main/t/tar/tar_1.28-2.1ubuntu0.1_amd64.deb
MD5sum: 984affa3d0dbbe9bbb9d67b005f14a8a
SHA1: 02a477abbd3123d4e4a9243a9d366b8a7bb42fa3
SHA256: 3fb4ea7c82d84d8fe7c7909b77c3c3b733bf8694492c81aadc626b953c72e7e4
SHA512: 28100170d3225844d627e1279f88b9903969139afce421e1ea89dc5b777eba447a713d2caf780eff6f2c6ad083688f492758fbb62c5b15f71772834f0f57cf34
Multi-Arch: foreign

Package: tzdata
Architecture: all
Version: 2020d-0ubuntu0.16.04
Replaces: libc0.1, libc0.3, libc6, libc6.1
Provides: tzdata-stretch
Depends: debconf (>= 0.5) | debconf-2.0
Filename: pool/main/t/tzdata/tzdata_2020d-0ubuntu0.16.04_all.deb
MD5sum: 19cb30e53b0af6b8eab59271705b1c50
SHA1: b3424c691afc0f24f245e62e95f1ac884fdfa374
SHA256: 41dd45b0a5752ff78555fe026557ef26eed07715615ed4bd62a962e15b07fd70
SHA512: f9b2a8a985859140fc925d068cdf89281f073a953004e2872da1ce5dad4521cd0b6d788d5a2f73a7e112d024c49d0796cb01a6d8febd65d089dab0f7a885486c
Multi-Arch: foreign

Package: util-linux
Architecture: amd64
Version: 2.27.1-6ubuntu3.10
Replaces: bash-completion (<< 1:2.1-4.1~), initscripts (<< 2.88dsf-59.2~), mount (= 2.26.2-3), mount (= 2.26.2-3ubuntu1), sysvinit-utils (<< 2.88dsf-59.1~)
Depends: lsb-base (>= 4.1+Debian11ubuntu7), sysvinit-utils (>= 2.88dsf-59.1~)
Pre-Depends: libaudit1 (>= 1:2.2.1), libblkid1 (>= 2.25), libc6 (>= 2.15), libfdisk1 (>= 2.27~rc1), libmount1 (>= 2.25), libncursesw5 (>= 6), libpam0g (>= 0.99.7.1), libselinux1 (>= 1.32), libsmartcols1 (>= 2.27~rc1), libsystemd0, libtinfo5 (>= 6), libudev1 (>= 183), libuuid1 (>= 2.16), zlib1g (>= 1:1.1.4)
Breaks: bash-completion (<< 1:2.1-4.1~), cloud-guest-utils (<< 0.27-0ubuntu16), grml-debootstrap (<< 0.68), mac-fdisk (<< 0.1-16ubuntu3), mount (= 2.26.2-3), mount (= 2.26.2-3ubuntu1), pmac-fdisk (<< 0.1-16ubuntu3)
Filename: pool/main/u/util-linux/util-linux_2.27.1-6ubuntu3.10_amd64.deb
MD5sum: 15faa6157817c7a3a985782c1bb65a5b
SHA1: 38205357c793a3e7ff99585b0155dc6c96284cc2
SHA256: 9516e6928dc0d386eb99bcafe4d4d4ff8154d0d9c48c0685223c77c03fc514b5
SHA512: fc7772a31953d4d4f4114c04a1c51c4d4b2b1dc25b13243bfbde1b7a6a0f4399527e3c0d1c2e99f5d3f4d40c72effdce8e23676a121c3d58115f55c168c001c4
Multi-Arch: foreign

Package: zlib1g
Architecture: amd64
Version: 1:1.2.8.dfsg-2ubuntu4.3
Provides: libz1
Depends: libc6 (>= 2.14)
Conflicts: zlib1 (<= 1:1.0.4-7)
Breaks: libxml2 (<< 2.7.6.dfsg-2), texlive-binaries (<< 2009-12)
Filename: pool/main/z/zlib/zlib1g_1.2.8.dfsg-2ubuntu4.3_amd64.deb
MD5sum: d154a31d8232510776213a1f5e86f4f7
SHA1: b8e03302a8147782f6545d8275d3c11cae2c4862
SHA256: 7dc32cfa3794ee7e4ffc3698c1f7236a0b24704bc38185ef4aa5449f672bfb0f
SHA512: 577162040c1b89691ebcc4ebfee2e595719b7dd4b519ee42a70b92258fff824d97cb2a0f205b8f07560503af2330de7eca11ae974f7ec263d56e5b44aee058a0
Multi-Arch: same

